// !$*UTF8*$!
{
	archiveVersion = 1;
	classes = {
	};
	objectVersion = 52;
	objects = {

/* Begin PBXBuildFile section */
		5724133F27B7DA60009FA2D2 /* Group.storyboard in Resources */ = {isa = PBXBuildFile; fileRef = 5724133E27B7DA60009FA2D2 /* Group.storyboard */; };
		573AA90527CA6503009FCE62 /* UserManager.swift in Sources */ = {isa = PBXBuildFile; fileRef = 573AA90427CA6503009FCE62 /* UserManager.swift */; };
		573AA90727CAA40B009FCE62 /* StoreKit.framework in Frameworks */ = {isa = PBXBuildFile; fileRef = 573AA90627CAA40B009FCE62 /* StoreKit.framework */; };
		573AA90927CAB6CD009FCE62 /* StoreObserver.swift in Sources */ = {isa = PBXBuildFile; fileRef = 573AA90827CAB6CD009FCE62 /* StoreObserver.swift */; };
		573AA90C27CAC200009FCE62 /* SwiftKeychainWrapper in Frameworks */ = {isa = PBXBuildFile; productRef = 573AA90B27CAC200009FCE62 /* SwiftKeychainWrapper */; };
		573AA90E27CAC23B009FCE62 /* AppExtensions.swift in Sources */ = {isa = PBXBuildFile; fileRef = 573AA90D27CAC23B009FCE62 /* AppExtensions.swift */; };
		573AA91027CAE534009FCE62 /* Utility.swift in Sources */ = {isa = PBXBuildFile; fileRef = 573AA90F27CAE534009FCE62 /* Utility.swift */; };
		5750E91527AEA8070090C048 /* NetworkManager.swift in Sources */ = {isa = PBXBuildFile; fileRef = 5750E91427AEA8070090C048 /* NetworkManager.swift */; };
		5750E92027B46E140090C048 /* Category+CoreDataClass.swift in Sources */ = {isa = PBXBuildFile; fileRef = 5750E91E27B46E140090C048 /* Category+CoreDataClass.swift */; };
		5750E92127B46E140090C048 /* Category+CoreDataProperties.swift in Sources */ = {isa = PBXBuildFile; fileRef = 5750E91F27B46E140090C048 /* Category+CoreDataProperties.swift */; };
		5750E92927B5A9380090C048 /* GroupViewController.swift in Sources */ = {isa = PBXBuildFile; fileRef = 5750E92727B5A9380090C048 /* GroupViewController.swift */; };
		5750E92C27B5B4A40090C048 /* GoogleService-Info.plist in Resources */ = {isa = PBXBuildFile; fileRef = 5750E92B27B5B4A40090C048 /* GoogleService-Info.plist */; };
		5750E92F27B5B52F0090C048 /* FirebaseAnalytics in Frameworks */ = {isa = PBXBuildFile; productRef = 5750E92E27B5B52F0090C048 /* FirebaseAnalytics */; };
		5750E93127B5B52F0090C048 /* FirebaseAnalyticsSwift-Beta in Frameworks */ = {isa = PBXBuildFile; productRef = 5750E93027B5B52F0090C048 /* FirebaseAnalyticsSwift-Beta */; };
		5750E93327B5B52F0090C048 /* FirebaseAuth in Frameworks */ = {isa = PBXBuildFile; productRef = 5750E93227B5B52F0090C048 /* FirebaseAuth */; };
		5750E93527B5B52F0090C048 /* FirebaseFirestore in Frameworks */ = {isa = PBXBuildFile; productRef = 5750E93427B5B52F0090C048 /* FirebaseFirestore */; };
		5750E93727B5B52F0090C048 /* FirebaseFirestoreSwift-Beta in Frameworks */ = {isa = PBXBuildFile; productRef = 5750E93627B5B52F0090C048 /* FirebaseFirestoreSwift-Beta */; };
		5750E93B27B6CAE90090C048 /* CloudKit.framework in Frameworks */ = {isa = PBXBuildFile; fileRef = 5750E93A27B6CAE90090C048 /* CloudKit.framework */; };
		5750E93D27B6DAE20090C048 /* FridgeManager.swift in Sources */ = {isa = PBXBuildFile; fileRef = 5750E93C27B6DAE20090C048 /* FridgeManager.swift */; };
		5750E93F27B7B4E00090C048 /* .gitignore in Resources */ = {isa = PBXBuildFile; fileRef = 5750E93E27B7B4E00090C048 /* .gitignore */; };
		5788A07F27C6B584006F6A81 /* GroupSignUpViewController.swift in Sources */ = {isa = PBXBuildFile; fileRef = 5788A07E27C6B584006F6A81 /* GroupSignUpViewController.swift */; };
		578B523F27CBFCC6007263CC /* FirebaseFunctions in Frameworks */ = {isa = PBXBuildFile; productRef = 578B523E27CBFCC6007263CC /* FirebaseFunctions */; };
		578B524127CBFCC6007263CC /* FirebaseFunctionsSwift-Beta in Frameworks */ = {isa = PBXBuildFile; productRef = 578B524027CBFCC6007263CC /* FirebaseFunctionsSwift-Beta */; };
		578B524427CC343E007263CC /* TutorialViewController.swift in Sources */ = {isa = PBXBuildFile; fileRef = 578B524327CC343E007263CC /* TutorialViewController.swift */; };
		578B524827CC35AD007263CC /* Tutorial.storyboard in Resources */ = {isa = PBXBuildFile; fileRef = 578B524727CC35AD007263CC /* Tutorial.storyboard */; };
		578B525627CCC7D7007263CC /* TutorialPageViewController.swift in Sources */ = {isa = PBXBuildFile; fileRef = 578B525427CCC7D7007263CC /* TutorialPageViewController.swift */; };
		578B525727CCC7D7007263CC /* TutorialPageViewController.xib in Resources */ = {isa = PBXBuildFile; fileRef = 578B525527CCC7D7007263CC /* TutorialPageViewController.xib */; };
		578B526727CD1813007263CC /* move_items_dark.mov in Resources */ = {isa = PBXBuildFile; fileRef = 578B525D27CD1813007263CC /* move_items_dark.mov */; };
		578B526827CD1813007263CC /* refresh_fridge_dark.mov in Resources */ = {isa = PBXBuildFile; fileRef = 578B525E27CD1813007263CC /* refresh_fridge_dark.mov */; };
		578B526927CD1813007263CC /* swipe_actions_dark.mov in Resources */ = {isa = PBXBuildFile; fileRef = 578B525F27CD1813007263CC /* swipe_actions_dark.mov */; };
		578B526A27CD1813007263CC /* shopping_list_dark.mov in Resources */ = {isa = PBXBuildFile; fileRef = 578B526027CD1813007263CC /* shopping_list_dark.mov */; };
		578B526B27CD1813007263CC /* add_items_dark.mov in Resources */ = {isa = PBXBuildFile; fileRef = 578B526127CD1813007263CC /* add_items_dark.mov */; };
		578B526F27CD37C0007263CC /* swipe_actions_light.mp4 in Resources */ = {isa = PBXBuildFile; fileRef = 578B526E27CD37C0007263CC /* swipe_actions_light.mp4 */; };
		578B527427CD391E007263CC /* add_items_light.mp4 in Resources */ = {isa = PBXBuildFile; fileRef = 578B527027CD391E007263CC /* add_items_light.mp4 */; };
		578B527527CD391E007263CC /* move_items_light.mp4 in Resources */ = {isa = PBXBuildFile; fileRef = 578B527127CD391E007263CC /* move_items_light.mp4 */; };
		578B527627CD391E007263CC /* refresh_fridge_light.mp4 in Resources */ = {isa = PBXBuildFile; fileRef = 578B527227CD391E007263CC /* refresh_fridge_light.mp4 */; };
		578B527727CD391E007263CC /* shopping_list_light.mp4 in Resources */ = {isa = PBXBuildFile; fileRef = 578B527327CD391E007263CC /* shopping_list_light.mp4 */; };
		578B527A27CD5745007263CC /* SPConfetti in Frameworks */ = {isa = PBXBuildFile; productRef = 578B527927CD5745007263CC /* SPConfetti */; };
		578B528927CF70D7007263CC /* TabBarController.swift in Sources */ = {isa = PBXBuildFile; fileRef = 578B528827CF70D7007263CC /* TabBarController.swift */; };
		9F32213C26ECA82200D74502 /* GlobalSettings.swift in Sources */ = {isa = PBXBuildFile; fileRef = 9F32213B26ECA82200D74502 /* GlobalSettings.swift */; };
		9F32213E26ECAE5500D74502 /* WelcomeViewController.swift in Sources */ = {isa = PBXBuildFile; fileRef = 9F32213D26ECAE5500D74502 /* WelcomeViewController.swift */; };
		9F843E8D26E4052C0020BB3A /* FridgeTableHeaderView.swift in Sources */ = {isa = PBXBuildFile; fileRef = 9F843E8C26E4052C0020BB3A /* FridgeTableHeaderView.swift */; };
		9F843E9126E426EC0020BB3A /* Item+CoreDataProperties.swift in Sources */ = {isa = PBXBuildFile; fileRef = 9F843E8F26E426EC0020BB3A /* Item+CoreDataProperties.swift */; };
		9F843E9626E427AD0020BB3A /* Item+CoreDataClass.swift in Sources */ = {isa = PBXBuildFile; fileRef = 9F843E9426E427AD0020BB3A /* Item+CoreDataClass.swift */; };
		9F843E9926E431F90020BB3A /* FridgeEditorTableViewCell.swift in Sources */ = {isa = PBXBuildFile; fileRef = 9F843E9826E431F90020BB3A /* FridgeEditorTableViewCell.swift */; };
		9F843E9B26E50C990020BB3A /* FridgeTableViewCell.swift in Sources */ = {isa = PBXBuildFile; fileRef = 9F843E9A26E50C990020BB3A /* FridgeTableViewCell.swift */; };
		9F843E9E26E5123E0020BB3A /* ShoppingListTableViewCell.swift in Sources */ = {isa = PBXBuildFile; fileRef = 9F843E9D26E5123E0020BB3A /* ShoppingListTableViewCell.swift */; };
		9F89B31426E379F6002B91C7 /* Main.storyboard in Resources */ = {isa = PBXBuildFile; fileRef = 9F89B31326E379F6002B91C7 /* Main.storyboard */; };
		9F89B31726E37CE5002B91C7 /* FridgeViewController.swift in Sources */ = {isa = PBXBuildFile; fileRef = 9F89B31626E37CE5002B91C7 /* FridgeViewController.swift */; };
		9F89B31D26E387B2002B91C7 /* ShoppingListViewController.swift in Sources */ = {isa = PBXBuildFile; fileRef = 9F89B31C26E387B2002B91C7 /* ShoppingListViewController.swift */; };
		9F89B31F26E387BA002B91C7 /* ShoppingList.storyboard in Resources */ = {isa = PBXBuildFile; fileRef = 9F89B31E26E387BA002B91C7 /* ShoppingList.storyboard */; };
		9F89B32326E387CE002B91C7 /* Fridge.storyboard in Resources */ = {isa = PBXBuildFile; fileRef = 9F89B32226E387CE002B91C7 /* Fridge.storyboard */; };
		9F9357EE2456DB4E0026B32D /* AppDelegate.swift in Sources */ = {isa = PBXBuildFile; fileRef = 9F9357ED2456DB4E0026B32D /* AppDelegate.swift */; };
		9F9357F02456DB4E0026B32D /* SceneDelegate.swift in Sources */ = {isa = PBXBuildFile; fileRef = 9F9357EF2456DB4E0026B32D /* SceneDelegate.swift */; };
		9F9357F72456DB530026B32D /* Assets.xcassets in Resources */ = {isa = PBXBuildFile; fileRef = 9F9357F62456DB530026B32D /* Assets.xcassets */; };
		9F9357FA2456DB530026B32D /* LaunchScreen.storyboard in Resources */ = {isa = PBXBuildFile; fileRef = 9F9357F82456DB530026B32D /* LaunchScreen.storyboard */; };
		9FA4C8F426EAA4C1004ECA44 /* FridgeModel.swift in Sources */ = {isa = PBXBuildFile; fileRef = 9FA4C8F326EAA4C0004ECA44 /* FridgeModel.swift */; };
		9FA4C8F626EABE7C004ECA44 /* EditCategoriesViewController.swift in Sources */ = {isa = PBXBuildFile; fileRef = 9FA4C8F526EABE7C004ECA44 /* EditCategoriesViewController.swift */; };
		9FA4C8F826EAC5A9004ECA44 /* AddCategoryTableViewCell.swift in Sources */ = {isa = PBXBuildFile; fileRef = 9FA4C8F726EAC5A9004ECA44 /* AddCategoryTableViewCell.swift */; };
		9FA4C8FA26EBFAE4004ECA44 /* ShoppingListAddItemTableViewCell.swift in Sources */ = {isa = PBXBuildFile; fileRef = 9FA4C8F926EBFAE3004ECA44 /* ShoppingListAddItemTableViewCell.swift */; };
		9FDFBA0F246695C400DEEFD7 /* Model.xcdatamodeld in Sources */ = {isa = PBXBuildFile; fileRef = 9FDFBA0D246695C400DEEFD7 /* Model.xcdatamodeld */; };
/* End PBXBuildFile section */

/* Begin PBXFileReference section */
		5724133E27B7DA60009FA2D2 /* Group.storyboard */ = {isa = PBXFileReference; lastKnownFileType = file.storyboard; path = Group.storyboard; sourceTree = "<group>"; };
		573AA90427CA6503009FCE62 /* UserManager.swift */ = {isa = PBXFileReference; lastKnownFileType = sourcecode.swift; path = UserManager.swift; sourceTree = "<group>"; };
		573AA90627CAA40B009FCE62 /* StoreKit.framework */ = {isa = PBXFileReference; lastKnownFileType = wrapper.framework; name = StoreKit.framework; path = System/Library/Frameworks/StoreKit.framework; sourceTree = SDKROOT; };
		573AA90827CAB6CD009FCE62 /* StoreObserver.swift */ = {isa = PBXFileReference; lastKnownFileType = sourcecode.swift; path = StoreObserver.swift; sourceTree = "<group>"; };
		573AA90D27CAC23B009FCE62 /* AppExtensions.swift */ = {isa = PBXFileReference; lastKnownFileType = sourcecode.swift; path = AppExtensions.swift; sourceTree = "<group>"; };
		573AA90F27CAE534009FCE62 /* Utility.swift */ = {isa = PBXFileReference; lastKnownFileType = sourcecode.swift; path = Utility.swift; sourceTree = "<group>"; };
		5750E91427AEA8070090C048 /* NetworkManager.swift */ = {isa = PBXFileReference; lastKnownFileType = sourcecode.swift; path = NetworkManager.swift; sourceTree = "<group>"; };
		5750E91727AEBEFD0090C048 /* Fridgy v3.xcdatamodel */ = {isa = PBXFileReference; lastKnownFileType = wrapper.xcdatamodel; path = "Fridgy v3.xcdatamodel"; sourceTree = "<group>"; };
		5750E91E27B46E140090C048 /* Category+CoreDataClass.swift */ = {isa = PBXFileReference; lastKnownFileType = sourcecode.swift; path = "Category+CoreDataClass.swift"; sourceTree = "<group>"; };
		5750E91F27B46E140090C048 /* Category+CoreDataProperties.swift */ = {isa = PBXFileReference; lastKnownFileType = sourcecode.swift; path = "Category+CoreDataProperties.swift"; sourceTree = "<group>"; };
		5750E92727B5A9380090C048 /* GroupViewController.swift */ = {isa = PBXFileReference; lastKnownFileType = sourcecode.swift; path = GroupViewController.swift; sourceTree = "<group>"; };
		5750E92B27B5B4A40090C048 /* GoogleService-Info.plist */ = {isa = PBXFileReference; fileEncoding = 4; lastKnownFileType = text.plist.xml; path = "GoogleService-Info.plist"; sourceTree = "<group>"; };
		5750E93827B6CAE70090C048 /* Fridgy-iOS.entitlements */ = {isa = PBXFileReference; lastKnownFileType = text.plist.entitlements; path = "Fridgy-iOS.entitlements"; sourceTree = "<group>"; };
		5750E93A27B6CAE90090C048 /* CloudKit.framework */ = {isa = PBXFileReference; lastKnownFileType = wrapper.framework; name = CloudKit.framework; path = System/Library/Frameworks/CloudKit.framework; sourceTree = SDKROOT; };
		5750E93C27B6DAE20090C048 /* FridgeManager.swift */ = {isa = PBXFileReference; lastKnownFileType = sourcecode.swift; path = FridgeManager.swift; sourceTree = "<group>"; };
		5750E93E27B7B4E00090C048 /* .gitignore */ = {isa = PBXFileReference; lastKnownFileType = text; path = .gitignore; sourceTree = SOURCE_ROOT; };
		5788A07E27C6B584006F6A81 /* GroupSignUpViewController.swift */ = {isa = PBXFileReference; lastKnownFileType = sourcecode.swift; path = GroupSignUpViewController.swift; sourceTree = "<group>"; };
		578B524327CC343E007263CC /* TutorialViewController.swift */ = {isa = PBXFileReference; lastKnownFileType = sourcecode.swift; path = TutorialViewController.swift; sourceTree = "<group>"; };
		578B524727CC35AD007263CC /* Tutorial.storyboard */ = {isa = PBXFileReference; lastKnownFileType = file.storyboard; path = Tutorial.storyboard; sourceTree = "<group>"; };
		578B525427CCC7D7007263CC /* TutorialPageViewController.swift */ = {isa = PBXFileReference; lastKnownFileType = sourcecode.swift; path = TutorialPageViewController.swift; sourceTree = "<group>"; };
		578B525527CCC7D7007263CC /* TutorialPageViewController.xib */ = {isa = PBXFileReference; lastKnownFileType = file.xib; path = TutorialPageViewController.xib; sourceTree = "<group>"; };
		578B525D27CD1813007263CC /* move_items_dark.mov */ = {isa = PBXFileReference; lastKnownFileType = video.quicktime; path = move_items_dark.mov; sourceTree = "<group>"; };
		578B525E27CD1813007263CC /* refresh_fridge_dark.mov */ = {isa = PBXFileReference; lastKnownFileType = video.quicktime; path = refresh_fridge_dark.mov; sourceTree = "<group>"; };
		578B525F27CD1813007263CC /* swipe_actions_dark.mov */ = {isa = PBXFileReference; lastKnownFileType = video.quicktime; path = swipe_actions_dark.mov; sourceTree = "<group>"; };
		578B526027CD1813007263CC /* shopping_list_dark.mov */ = {isa = PBXFileReference; lastKnownFileType = video.quicktime; path = shopping_list_dark.mov; sourceTree = "<group>"; };
		578B526127CD1813007263CC /* add_items_dark.mov */ = {isa = PBXFileReference; lastKnownFileType = video.quicktime; path = add_items_dark.mov; sourceTree = "<group>"; };
		578B526E27CD37C0007263CC /* swipe_actions_light.mp4 */ = {isa = PBXFileReference; lastKnownFileType = file; path = swipe_actions_light.mp4; sourceTree = "<group>"; };
		578B527027CD391E007263CC /* add_items_light.mp4 */ = {isa = PBXFileReference; lastKnownFileType = file; path = add_items_light.mp4; sourceTree = "<group>"; };
		578B527127CD391E007263CC /* move_items_light.mp4 */ = {isa = PBXFileReference; lastKnownFileType = file; path = move_items_light.mp4; sourceTree = "<group>"; };
		578B527227CD391E007263CC /* refresh_fridge_light.mp4 */ = {isa = PBXFileReference; lastKnownFileType = file; path = refresh_fridge_light.mp4; sourceTree = "<group>"; };
		578B527327CD391E007263CC /* shopping_list_light.mp4 */ = {isa = PBXFileReference; lastKnownFileType = file; path = shopping_list_light.mp4; sourceTree = "<group>"; };
		578B528827CF70D7007263CC /* TabBarController.swift */ = {isa = PBXFileReference; lastKnownFileType = sourcecode.swift; path = TabBarController.swift; sourceTree = "<group>"; };
		9F32213B26ECA82200D74502 /* GlobalSettings.swift */ = {isa = PBXFileReference; lastKnownFileType = sourcecode.swift; path = GlobalSettings.swift; sourceTree = "<group>"; };
		9F32213D26ECAE5500D74502 /* WelcomeViewController.swift */ = {isa = PBXFileReference; lastKnownFileType = sourcecode.swift; path = WelcomeViewController.swift; sourceTree = "<group>"; };
		9F843E8C26E4052C0020BB3A /* FridgeTableHeaderView.swift */ = {isa = PBXFileReference; lastKnownFileType = sourcecode.swift; path = FridgeTableHeaderView.swift; sourceTree = "<group>"; };
		9F843E8F26E426EC0020BB3A /* Item+CoreDataProperties.swift */ = {isa = PBXFileReference; lastKnownFileType = sourcecode.swift; path = "Item+CoreDataProperties.swift"; sourceTree = "<group>"; };
		9F843E9426E427AD0020BB3A /* Item+CoreDataClass.swift */ = {isa = PBXFileReference; lastKnownFileType = sourcecode.swift; path = "Item+CoreDataClass.swift"; sourceTree = "<group>"; };
		9F843E9826E431F90020BB3A /* FridgeEditorTableViewCell.swift */ = {isa = PBXFileReference; lastKnownFileType = sourcecode.swift; path = FridgeEditorTableViewCell.swift; sourceTree = "<group>"; };
		9F843E9A26E50C990020BB3A /* FridgeTableViewCell.swift */ = {isa = PBXFileReference; lastKnownFileType = sourcecode.swift; path = FridgeTableViewCell.swift; sourceTree = "<group>"; };
		9F843E9D26E5123E0020BB3A /* ShoppingListTableViewCell.swift */ = {isa = PBXFileReference; lastKnownFileType = sourcecode.swift; path = ShoppingListTableViewCell.swift; sourceTree = "<group>"; };
		9F89B31126E37881002B91C7 /* Fridgy v2.xcdatamodel */ = {isa = PBXFileReference; lastKnownFileType = wrapper.xcdatamodel; path = "Fridgy v2.xcdatamodel"; sourceTree = "<group>"; };
		9F89B31326E379F6002B91C7 /* Main.storyboard */ = {isa = PBXFileReference; lastKnownFileType = file.storyboard; path = Main.storyboard; sourceTree = "<group>"; };
		9F89B31626E37CE5002B91C7 /* FridgeViewController.swift */ = {isa = PBXFileReference; lastKnownFileType = sourcecode.swift; path = FridgeViewController.swift; sourceTree = "<group>"; };
		9F89B31C26E387B2002B91C7 /* ShoppingListViewController.swift */ = {isa = PBXFileReference; lastKnownFileType = sourcecode.swift; path = ShoppingListViewController.swift; sourceTree = "<group>"; };
		9F89B31E26E387BA002B91C7 /* ShoppingList.storyboard */ = {isa = PBXFileReference; lastKnownFileType = file.storyboard; path = ShoppingList.storyboard; sourceTree = "<group>"; };
		9F89B32226E387CE002B91C7 /* Fridge.storyboard */ = {isa = PBXFileReference; lastKnownFileType = file.storyboard; path = Fridge.storyboard; sourceTree = "<group>"; };
		9F9357EA2456DB4E0026B32D /* Fridgly.app */ = {isa = PBXFileReference; explicitFileType = wrapper.application; includeInIndex = 0; path = Fridgly.app; sourceTree = BUILT_PRODUCTS_DIR; };
		9F9357ED2456DB4E0026B32D /* AppDelegate.swift */ = {isa = PBXFileReference; lastKnownFileType = sourcecode.swift; path = AppDelegate.swift; sourceTree = "<group>"; };
		9F9357EF2456DB4E0026B32D /* SceneDelegate.swift */ = {isa = PBXFileReference; lastKnownFileType = sourcecode.swift; path = SceneDelegate.swift; sourceTree = "<group>"; };
		9F9357F62456DB530026B32D /* Assets.xcassets */ = {isa = PBXFileReference; lastKnownFileType = folder.assetcatalog; path = Assets.xcassets; sourceTree = "<group>"; };
		9F9357F92456DB530026B32D /* Base */ = {isa = PBXFileReference; lastKnownFileType = file.storyboard; name = Base; path = Base.lproj/LaunchScreen.storyboard; sourceTree = "<group>"; };
		9F9357FB2456DB530026B32D /* Info.plist */ = {isa = PBXFileReference; lastKnownFileType = text.plist.xml; path = Info.plist; sourceTree = "<group>"; };
		9FA4C8F326EAA4C0004ECA44 /* FridgeModel.swift */ = {isa = PBXFileReference; lastKnownFileType = sourcecode.swift; path = FridgeModel.swift; sourceTree = "<group>"; };
		9FA4C8F526EABE7C004ECA44 /* EditCategoriesViewController.swift */ = {isa = PBXFileReference; lastKnownFileType = sourcecode.swift; path = EditCategoriesViewController.swift; sourceTree = "<group>"; };
		9FA4C8F726EAC5A9004ECA44 /* AddCategoryTableViewCell.swift */ = {isa = PBXFileReference; lastKnownFileType = sourcecode.swift; path = AddCategoryTableViewCell.swift; sourceTree = "<group>"; };
		9FA4C8F926EBFAE3004ECA44 /* ShoppingListAddItemTableViewCell.swift */ = {isa = PBXFileReference; lastKnownFileType = sourcecode.swift; path = ShoppingListAddItemTableViewCell.swift; sourceTree = "<group>"; };
		9FDFBA0E246695C400DEEFD7 /* Model.xcdatamodel */ = {isa = PBXFileReference; lastKnownFileType = wrapper.xcdatamodel; path = Model.xcdatamodel; sourceTree = "<group>"; };
/* End PBXFileReference section */

/* Begin PBXFrameworksBuildPhase section */
		9F9357E72456DB4E0026B32D /* Frameworks */ = {
			isa = PBXFrameworksBuildPhase;
			buildActionMask = 2147483647;
			files = (
				5750E93127B5B52F0090C048 /* FirebaseAnalyticsSwift-Beta in Frameworks */,
				573AA90727CAA40B009FCE62 /* StoreKit.framework in Frameworks */,
				5750E93527B5B52F0090C048 /* FirebaseFirestore in Frameworks */,
				578B523F27CBFCC6007263CC /* FirebaseFunctions in Frameworks */,
				5750E93727B5B52F0090C048 /* FirebaseFirestoreSwift-Beta in Frameworks */,
				5750E93B27B6CAE90090C048 /* CloudKit.framework in Frameworks */,
				578B527A27CD5745007263CC /* SPConfetti in Frameworks */,
				5750E93327B5B52F0090C048 /* FirebaseAuth in Frameworks */,
				573AA90C27CAC200009FCE62 /* SwiftKeychainWrapper in Frameworks */,
				5750E92F27B5B52F0090C048 /* FirebaseAnalytics in Frameworks */,
				578B524127CBFCC6007263CC /* FirebaseFunctionsSwift-Beta in Frameworks */,
			);
			runOnlyForDeploymentPostprocessing = 0;
		};
/* End PBXFrameworksBuildPhase section */

/* Begin PBXGroup section */
		5750E91327AEA7FA0090C048 /* Managers */ = {
			isa = PBXGroup;
			children = (
				5750E91427AEA8070090C048 /* NetworkManager.swift */,
				5750E93C27B6DAE20090C048 /* FridgeManager.swift */,
				573AA90427CA6503009FCE62 /* UserManager.swift */,
				573AA90827CAB6CD009FCE62 /* StoreObserver.swift */,
			);
			path = Managers;
			sourceTree = "<group>";
		};
		5750E91627AEBDF40090C048 /* Group */ = {
			isa = PBXGroup;
			children = (
				5750E92727B5A9380090C048 /* GroupViewController.swift */,
				5788A07E27C6B584006F6A81 /* GroupSignUpViewController.swift */,
				5724133E27B7DA60009FA2D2 /* Group.storyboard */,
			);
			path = Group;
			sourceTree = "<group>";
		};
		5750E92227B4825E0090C048 /* Core Data */ = {
			isa = PBXGroup;
			children = (
				5750E91F27B46E140090C048 /* Category+CoreDataProperties.swift */,
				5750E91E27B46E140090C048 /* Category+CoreDataClass.swift */,
				9F843E8F26E426EC0020BB3A /* Item+CoreDataProperties.swift */,
				9F843E9426E427AD0020BB3A /* Item+CoreDataClass.swift */,
				9FDFBA0D246695C400DEEFD7 /* Model.xcdatamodeld */,
			);
			path = "Core Data";
			sourceTree = "<group>";
		};
		5750E93927B6CAE90090C048 /* Frameworks */ = {
			isa = PBXGroup;
			children = (
				573AA90627CAA40B009FCE62 /* StoreKit.framework */,
				5750E93A27B6CAE90090C048 /* CloudKit.framework */,
			);
			name = Frameworks;
			sourceTree = "<group>";
		};
		578B524227CC3429007263CC /* Tutorial */ = {
			isa = PBXGroup;
			children = (
				578B524727CC35AD007263CC /* Tutorial.storyboard */,
				578B524327CC343E007263CC /* TutorialViewController.swift */,
				578B525427CCC7D7007263CC /* TutorialPageViewController.swift */,
				578B525527CCC7D7007263CC /* TutorialPageViewController.xib */,
			);
			path = Tutorial;
			sourceTree = "<group>";
		};
		578B524B27CC3724007263CC /* Resources */ = {
			isa = PBXGroup;
			children = (
				578B526127CD1813007263CC /* add_items_dark.mov */,
				578B525D27CD1813007263CC /* move_items_dark.mov */,
				578B526E27CD37C0007263CC /* swipe_actions_light.mp4 */,
				578B527027CD391E007263CC /* add_items_light.mp4 */,
				578B527127CD391E007263CC /* move_items_light.mp4 */,
				578B527227CD391E007263CC /* refresh_fridge_light.mp4 */,
				578B527327CD391E007263CC /* shopping_list_light.mp4 */,
				578B525E27CD1813007263CC /* refresh_fridge_dark.mov */,
				578B526027CD1813007263CC /* shopping_list_dark.mov */,
				578B525F27CD1813007263CC /* swipe_actions_dark.mov */,
				9F9357F62456DB530026B32D /* Assets.xcassets */,
			);
			path = Resources;
			sourceTree = "<group>";
		};
		9F32213A26ECA81800D74502 /* Utilities */ = {
			isa = PBXGroup;
			children = (
				9F32213B26ECA82200D74502 /* GlobalSettings.swift */,
				573AA90D27CAC23B009FCE62 /* AppExtensions.swift */,
				573AA90F27CAE534009FCE62 /* Utility.swift */,
			);
			path = Utilities;
			sourceTree = "<group>";
		};
		9F843E9226E426FB0020BB3A /* Model */ = {
			isa = PBXGroup;
			children = (
				9FA4C8F326EAA4C0004ECA44 /* FridgeModel.swift */,
				5750E92227B4825E0090C048 /* Core Data */,
			);
			path = Model;
			sourceTree = "<group>";
		};
		9F843E9326E427180020BB3A /* App */ = {
			isa = PBXGroup;
			children = (
				9F9357F82456DB530026B32D /* LaunchScreen.storyboard */,
				9F9357ED2456DB4E0026B32D /* AppDelegate.swift */,
				9F9357EF2456DB4E0026B32D /* SceneDelegate.swift */,
			);
			path = App;
			sourceTree = "<group>";
		};
		9F843E9C26E50C9E0020BB3A /* Cells */ = {
			isa = PBXGroup;
			children = (
				9F843E8C26E4052C0020BB3A /* FridgeTableHeaderView.swift */,
				9F843E9826E431F90020BB3A /* FridgeEditorTableViewCell.swift */,
				9F843E9A26E50C990020BB3A /* FridgeTableViewCell.swift */,
				9FA4C8F726EAC5A9004ECA44 /* AddCategoryTableViewCell.swift */,
			);
			path = Cells;
			sourceTree = "<group>";
		};
		9F89B30F26E3782A002B91C7 /* Modules */ = {
			isa = PBXGroup;
			children = (
				578B524227CC3429007263CC /* Tutorial */,
				9F89B31926E38787002B91C7 /* Shopping List */,
				9F89B31526E37CD2002B91C7 /* Fridge */,
				5750E91627AEBDF40090C048 /* Group */,
				9F89B31226E379EB002B91C7 /* Main */,
			);
			path = Modules;
			sourceTree = "<group>";
		};
		9F89B31226E379EB002B91C7 /* Main */ = {
			isa = PBXGroup;
			children = (
				9F89B31326E379F6002B91C7 /* Main.storyboard */,
				578B528827CF70D7007263CC /* TabBarController.swift */,
			);
			path = Main;
			sourceTree = "<group>";
		};
		9F89B31526E37CD2002B91C7 /* Fridge */ = {
			isa = PBXGroup;
			children = (
				9F89B31626E37CE5002B91C7 /* FridgeViewController.swift */,
				9FA4C8F526EABE7C004ECA44 /* EditCategoriesViewController.swift */,
				9F32213D26ECAE5500D74502 /* WelcomeViewController.swift */,
				9F89B32226E387CE002B91C7 /* Fridge.storyboard */,
				9F843E9C26E50C9E0020BB3A /* Cells */,
			);
			path = Fridge;
			sourceTree = "<group>";
		};
		9F89B31926E38787002B91C7 /* Shopping List */ = {
			isa = PBXGroup;
			children = (
				9F89B31C26E387B2002B91C7 /* ShoppingListViewController.swift */,
				9F843E9D26E5123E0020BB3A /* ShoppingListTableViewCell.swift */,
				9FA4C8F926EBFAE3004ECA44 /* ShoppingListAddItemTableViewCell.swift */,
				9F89B31E26E387BA002B91C7 /* ShoppingList.storyboard */,
			);
			path = "Shopping List";
			sourceTree = "<group>";
		};
		9F9357E12456DB4E0026B32D = {
			isa = PBXGroup;
			children = (
				9F9357EC2456DB4E0026B32D /* Fridgy-iOS */,
				9F9357EB2456DB4E0026B32D /* Products */,
				5750E93927B6CAE90090C048 /* Frameworks */,
			);
			sourceTree = "<group>";
		};
		9F9357EB2456DB4E0026B32D /* Products */ = {
			isa = PBXGroup;
			children = (
				9F9357EA2456DB4E0026B32D /* Fridgly.app */,
			);
			name = Products;
			sourceTree = "<group>";
		};
		9F9357EC2456DB4E0026B32D /* Fridgy-iOS */ = {
			isa = PBXGroup;
			children = (
				5750E93827B6CAE70090C048 /* Fridgy-iOS.entitlements */,
				5750E92B27B5B4A40090C048 /* GoogleService-Info.plist */,
				9F32213A26ECA81800D74502 /* Utilities */,
				9F843E9326E427180020BB3A /* App */,
				9F89B30F26E3782A002B91C7 /* Modules */,
				5750E91327AEA7FA0090C048 /* Managers */,
				9F843E9226E426FB0020BB3A /* Model */,
				578B524B27CC3724007263CC /* Resources */,
				9F9357FB2456DB530026B32D /* Info.plist */,
				5750E93E27B7B4E00090C048 /* .gitignore */,
			);
			path = "Fridgy-iOS";
			sourceTree = "<group>";
		};
/* End PBXGroup section */

/* Begin PBXNativeTarget section */
		9F9357E92456DB4E0026B32D /* Fridgy-iOS */ = {
			isa = PBXNativeTarget;
			buildConfigurationList = 9F9357FE2456DB530026B32D /* Build configuration list for PBXNativeTarget "Fridgy-iOS" */;
			buildPhases = (
				9F9357E62456DB4E0026B32D /* Sources */,
				9F9357E72456DB4E0026B32D /* Frameworks */,
				9F9357E82456DB4E0026B32D /* Resources */,
			);
			buildRules = (
			);
			dependencies = (
			);
			name = "Fridgy-iOS";
			packageProductDependencies = (
				5750E92E27B5B52F0090C048 /* FirebaseAnalytics */,
				5750E93027B5B52F0090C048 /* FirebaseAnalyticsSwift-Beta */,
				5750E93227B5B52F0090C048 /* FirebaseAuth */,
				5750E93427B5B52F0090C048 /* FirebaseFirestore */,
				5750E93627B5B52F0090C048 /* FirebaseFirestoreSwift-Beta */,
				573AA90B27CAC200009FCE62 /* SwiftKeychainWrapper */,
				578B523E27CBFCC6007263CC /* FirebaseFunctions */,
				578B524027CBFCC6007263CC /* FirebaseFunctionsSwift-Beta */,
				578B527927CD5745007263CC /* SPConfetti */,
			);
			productName = "Fridgy-iOS";
			productReference = 9F9357EA2456DB4E0026B32D /* Fridgly.app */;
			productType = "com.apple.product-type.application";
		};
/* End PBXNativeTarget section */

/* Begin PBXProject section */
		9F9357E22456DB4E0026B32D /* Project object */ = {
			isa = PBXProject;
			attributes = {
				LastSwiftUpdateCheck = 1140;
				LastUpgradeCheck = 1250;
				ORGANIZATIONNAME = "Ted Bennett";
				TargetAttributes = {
					9F9357E92456DB4E0026B32D = {
						CreatedOnToolsVersion = 11.4.1;
					};
				};
			};
			buildConfigurationList = 9F9357E52456DB4E0026B32D /* Build configuration list for PBXProject "Fridgy-iOS" */;
			compatibilityVersion = "Xcode 9.3";
			developmentRegion = en;
			hasScannedForEncodings = 0;
			knownRegions = (
				en,
				Base,
			);
			mainGroup = 9F9357E12456DB4E0026B32D;
			packageReferences = (
				5750E92D27B5B52F0090C048 /* XCRemoteSwiftPackageReference "firebase-ios-sdk" */,
				573AA90A27CAC200009FCE62 /* XCRemoteSwiftPackageReference "SwiftKeychainWrapper" */,
				578B527827CD5745007263CC /* XCRemoteSwiftPackageReference "SPConfetti" */,
			);
			productRefGroup = 9F9357EB2456DB4E0026B32D /* Products */;
			projectDirPath = "";
			projectRoot = "";
			targets = (
				9F9357E92456DB4E0026B32D /* Fridgy-iOS */,
			);
		};
/* End PBXProject section */

/* Begin PBXResourcesBuildPhase section */
		9F9357E82456DB4E0026B32D /* Resources */ = {
			isa = PBXResourcesBuildPhase;
			buildActionMask = 2147483647;
			files = (
				578B527727CD391E007263CC /* shopping_list_light.mp4 in Resources */,
				578B526B27CD1813007263CC /* add_items_dark.mov in Resources */,
				578B525727CCC7D7007263CC /* TutorialPageViewController.xib in Resources */,
				578B526A27CD1813007263CC /* shopping_list_dark.mov in Resources */,
				5750E93F27B7B4E00090C048 /* .gitignore in Resources */,
				578B524827CC35AD007263CC /* Tutorial.storyboard in Resources */,
				9F89B31F26E387BA002B91C7 /* ShoppingList.storyboard in Resources */,
				578B526927CD1813007263CC /* swipe_actions_dark.mov in Resources */,
				578B526827CD1813007263CC /* refresh_fridge_dark.mov in Resources */,
				578B527527CD391E007263CC /* move_items_light.mp4 in Resources */,
				9F9357FA2456DB530026B32D /* LaunchScreen.storyboard in Resources */,
				578B527427CD391E007263CC /* add_items_light.mp4 in Resources */,
				5750E92C27B5B4A40090C048 /* GoogleService-Info.plist in Resources */,
				5724133F27B7DA60009FA2D2 /* Group.storyboard in Resources */,
				9F89B32326E387CE002B91C7 /* Fridge.storyboard in Resources */,
				578B526727CD1813007263CC /* move_items_dark.mov in Resources */,
				9F9357F72456DB530026B32D /* Assets.xcassets in Resources */,
				9F89B31426E379F6002B91C7 /* Main.storyboard in Resources */,
				578B527627CD391E007263CC /* refresh_fridge_light.mp4 in Resources */,
				578B526F27CD37C0007263CC /* swipe_actions_light.mp4 in Resources */,
			);
			runOnlyForDeploymentPostprocessing = 0;
		};
/* End PBXResourcesBuildPhase section */

/* Begin PBXSourcesBuildPhase section */
		9F9357E62456DB4E0026B32D /* Sources */ = {
			isa = PBXSourcesBuildPhase;
			buildActionMask = 2147483647;
			files = (
				9F32213E26ECAE5500D74502 /* WelcomeViewController.swift in Sources */,
				573AA90927CAB6CD009FCE62 /* StoreObserver.swift in Sources */,
				9F89B31D26E387B2002B91C7 /* ShoppingListViewController.swift in Sources */,
				578B528927CF70D7007263CC /* TabBarController.swift in Sources */,
				9F843E9E26E5123E0020BB3A /* ShoppingListTableViewCell.swift in Sources */,
				9FA4C8FA26EBFAE4004ECA44 /* ShoppingListAddItemTableViewCell.swift in Sources */,
				9FA4C8F826EAC5A9004ECA44 /* AddCategoryTableViewCell.swift in Sources */,
				5750E92927B5A9380090C048 /* GroupViewController.swift in Sources */,
				573AA90527CA6503009FCE62 /* UserManager.swift in Sources */,
				5750E92027B46E140090C048 /* Category+CoreDataClass.swift in Sources */,
				9F89B31726E37CE5002B91C7 /* FridgeViewController.swift in Sources */,
				5750E92127B46E140090C048 /* Category+CoreDataProperties.swift in Sources */,
				5750E93D27B6DAE20090C048 /* FridgeManager.swift in Sources */,
				9F843E9126E426EC0020BB3A /* Item+CoreDataProperties.swift in Sources */,
				9FA4C8F626EABE7C004ECA44 /* EditCategoriesViewController.swift in Sources */,
				9F843E8D26E4052C0020BB3A /* FridgeTableHeaderView.swift in Sources */,
				9F843E9926E431F90020BB3A /* FridgeEditorTableViewCell.swift in Sources */,
				9FDFBA0F246695C400DEEFD7 /* Model.xcdatamodeld in Sources */,
				5750E91527AEA8070090C048 /* NetworkManager.swift in Sources */,
				9FA4C8F426EAA4C1004ECA44 /* FridgeModel.swift in Sources */,
				9F843E9B26E50C990020BB3A /* FridgeTableViewCell.swift in Sources */,
				573AA91027CAE534009FCE62 /* Utility.swift in Sources */,
				9F9357EE2456DB4E0026B32D /* AppDelegate.swift in Sources */,
				578B524427CC343E007263CC /* TutorialViewController.swift in Sources */,
				9F843E9626E427AD0020BB3A /* Item+CoreDataClass.swift in Sources */,
				578B525627CCC7D7007263CC /* TutorialPageViewController.swift in Sources */,
				9F32213C26ECA82200D74502 /* GlobalSettings.swift in Sources */,
				573AA90E27CAC23B009FCE62 /* AppExtensions.swift in Sources */,
				5788A07F27C6B584006F6A81 /* GroupSignUpViewController.swift in Sources */,
				9F9357F02456DB4E0026B32D /* SceneDelegate.swift in Sources */,
			);
			runOnlyForDeploymentPostprocessing = 0;
		};
/* End PBXSourcesBuildPhase section */

/* Begin PBXVariantGroup section */
		9F9357F82456DB530026B32D /* LaunchScreen.storyboard */ = {
			isa = PBXVariantGroup;
			children = (
				9F9357F92456DB530026B32D /* Base */,
			);
			name = LaunchScreen.storyboard;
			sourceTree = "<group>";
		};
/* End PBXVariantGroup section */

/* Begin XCBuildConfiguration section */
		9F9357FC2456DB530026B32D /* Debug */ = {
			isa = XCBuildConfiguration;
			buildSettings = {
				ALWAYS_SEARCH_USER_PATHS = NO;
				CLANG_ANALYZER_NONNULL = YES;
				CLANG_ANALYZER_NUMBER_OBJECT_CONVERSION = YES_AGGRESSIVE;
				CLANG_CXX_LANGUAGE_STANDARD = "gnu++14";
				CLANG_CXX_LIBRARY = "libc++";
				CLANG_ENABLE_MODULES = YES;
				CLANG_ENABLE_OBJC_ARC = YES;
				CLANG_ENABLE_OBJC_WEAK = YES;
				CLANG_WARN_BLOCK_CAPTURE_AUTORELEASING = YES;
				CLANG_WARN_BOOL_CONVERSION = YES;
				CLANG_WARN_COMMA = YES;
				CLANG_WARN_CONSTANT_CONVERSION = YES;
				CLANG_WARN_DEPRECATED_OBJC_IMPLEMENTATIONS = YES;
				CLANG_WARN_DIRECT_OBJC_ISA_USAGE = YES_ERROR;
				CLANG_WARN_DOCUMENTATION_COMMENTS = YES;
				CLANG_WARN_EMPTY_BODY = YES;
				CLANG_WARN_ENUM_CONVERSION = YES;
				CLANG_WARN_INFINITE_RECURSION = YES;
				CLANG_WARN_INT_CONVERSION = YES;
				CLANG_WARN_NON_LITERAL_NULL_CONVERSION = YES;
				CLANG_WARN_OBJC_IMPLICIT_RETAIN_SELF = YES;
				CLANG_WARN_OBJC_LITERAL_CONVERSION = YES;
				CLANG_WARN_OBJC_ROOT_CLASS = YES_ERROR;
				CLANG_WARN_QUOTED_INCLUDE_IN_FRAMEWORK_HEADER = YES;
				CLANG_WARN_RANGE_LOOP_ANALYSIS = YES;
				CLANG_WARN_STRICT_PROTOTYPES = YES;
				CLANG_WARN_SUSPICIOUS_MOVE = YES;
				CLANG_WARN_UNGUARDED_AVAILABILITY = YES_AGGRESSIVE;
				CLANG_WARN_UNREACHABLE_CODE = YES;
				CLANG_WARN__DUPLICATE_METHOD_MATCH = YES;
				COPY_PHASE_STRIP = NO;
				DEBUG_INFORMATION_FORMAT = dwarf;
				ENABLE_STRICT_OBJC_MSGSEND = YES;
				ENABLE_TESTABILITY = YES;
				GCC_C_LANGUAGE_STANDARD = gnu11;
				GCC_DYNAMIC_NO_PIC = NO;
				GCC_NO_COMMON_BLOCKS = YES;
				GCC_OPTIMIZATION_LEVEL = 0;
				GCC_PREPROCESSOR_DEFINITIONS = (
					"DEBUG=1",
					"$(inherited)",
				);
				GCC_WARN_64_TO_32_BIT_CONVERSION = YES;
				GCC_WARN_ABOUT_RETURN_TYPE = YES_ERROR;
				GCC_WARN_UNDECLARED_SELECTOR = YES;
				GCC_WARN_UNINITIALIZED_AUTOS = YES_AGGRESSIVE;
				GCC_WARN_UNUSED_FUNCTION = YES;
				GCC_WARN_UNUSED_VARIABLE = YES;
				IPHONEOS_DEPLOYMENT_TARGET = 13.4;
				MTL_ENABLE_DEBUG_INFO = INCLUDE_SOURCE;
				MTL_FAST_MATH = YES;
				ONLY_ACTIVE_ARCH = YES;
				SDKROOT = iphoneos;
				SWIFT_ACTIVE_COMPILATION_CONDITIONS = DEBUG;
				SWIFT_OPTIMIZATION_LEVEL = "-Onone";
			};
			name = Debug;
		};
		9F9357FD2456DB530026B32D /* Release */ = {
			isa = XCBuildConfiguration;
			buildSettings = {
				ALWAYS_SEARCH_USER_PATHS = NO;
				CLANG_ANALYZER_NONNULL = YES;
				CLANG_ANALYZER_NUMBER_OBJECT_CONVERSION = YES_AGGRESSIVE;
				CLANG_CXX_LANGUAGE_STANDARD = "gnu++14";
				CLANG_CXX_LIBRARY = "libc++";
				CLANG_ENABLE_MODULES = YES;
				CLANG_ENABLE_OBJC_ARC = YES;
				CLANG_ENABLE_OBJC_WEAK = YES;
				CLANG_WARN_BLOCK_CAPTURE_AUTORELEASING = YES;
				CLANG_WARN_BOOL_CONVERSION = YES;
				CLANG_WARN_COMMA = YES;
				CLANG_WARN_CONSTANT_CONVERSION = YES;
				CLANG_WARN_DEPRECATED_OBJC_IMPLEMENTATIONS = YES;
				CLANG_WARN_DIRECT_OBJC_ISA_USAGE = YES_ERROR;
				CLANG_WARN_DOCUMENTATION_COMMENTS = YES;
				CLANG_WARN_EMPTY_BODY = YES;
				CLANG_WARN_ENUM_CONVERSION = YES;
				CLANG_WARN_INFINITE_RECURSION = YES;
				CLANG_WARN_INT_CONVERSION = YES;
				CLANG_WARN_NON_LITERAL_NULL_CONVERSION = YES;
				CLANG_WARN_OBJC_IMPLICIT_RETAIN_SELF = YES;
				CLANG_WARN_OBJC_LITERAL_CONVERSION = YES;
				CLANG_WARN_OBJC_ROOT_CLASS = YES_ERROR;
				CLANG_WARN_QUOTED_INCLUDE_IN_FRAMEWORK_HEADER = YES;
				CLANG_WARN_RANGE_LOOP_ANALYSIS = YES;
				CLANG_WARN_STRICT_PROTOTYPES = YES;
				CLANG_WARN_SUSPICIOUS_MOVE = YES;
				CLANG_WARN_UNGUARDED_AVAILABILITY = YES_AGGRESSIVE;
				CLANG_WARN_UNREACHABLE_CODE = YES;
				CLANG_WARN__DUPLICATE_METHOD_MATCH = YES;
				COPY_PHASE_STRIP = NO;
				DEBUG_INFORMATION_FORMAT = "dwarf-with-dsym";
				ENABLE_NS_ASSERTIONS = NO;
				ENABLE_STRICT_OBJC_MSGSEND = YES;
				GCC_C_LANGUAGE_STANDARD = gnu11;
				GCC_NO_COMMON_BLOCKS = YES;
				GCC_WARN_64_TO_32_BIT_CONVERSION = YES;
				GCC_WARN_ABOUT_RETURN_TYPE = YES_ERROR;
				GCC_WARN_UNDECLARED_SELECTOR = YES;
				GCC_WARN_UNINITIALIZED_AUTOS = YES_AGGRESSIVE;
				GCC_WARN_UNUSED_FUNCTION = YES;
				GCC_WARN_UNUSED_VARIABLE = YES;
				IPHONEOS_DEPLOYMENT_TARGET = 13.4;
				MTL_ENABLE_DEBUG_INFO = NO;
				MTL_FAST_MATH = YES;
				SDKROOT = iphoneos;
				SWIFT_COMPILATION_MODE = wholemodule;
				SWIFT_OPTIMIZATION_LEVEL = "-O";
				VALIDATE_PRODUCT = YES;
			};
			name = Release;
		};
		9F9357FF2456DB530026B32D /* Debug */ = {
			isa = XCBuildConfiguration;
			buildSettings = {
				ASSETCATALOG_COMPILER_APPICON_NAME = AppIcon;
				CODE_SIGN_ENTITLEMENTS = "Fridgy-iOS/Fridgy-iOS.entitlements";
				CODE_SIGN_STYLE = Automatic;
				CURRENT_PROJECT_VERSION = 9;
				DEVELOPMENT_TEAM = 9Y2AMH5S23;
				INFOPLIST_FILE = "Fridgy-iOS/Info.plist";
				IPHONEOS_DEPLOYMENT_TARGET = 13.0;
				LD_RUNPATH_SEARCH_PATHS = (
					"$(inherited)",
					"@executable_path/Frameworks",
				);
				MARKETING_VERSION = 3.1.1;
				PRODUCT_BUNDLE_IDENTIFIER = "TedB.Fridgy-iOs";
				PRODUCT_NAME = Fridgly;
				SWIFT_VERSION = 5.0;
				TARGETED_DEVICE_FAMILY = "1,2";
			};
			name = Debug;
		};
		9F9358002456DB530026B32D /* Release */ = {
			isa = XCBuildConfiguration;
			buildSettings = {
				ASSETCATALOG_COMPILER_APPICON_NAME = AppIcon;
				CODE_SIGN_ENTITLEMENTS = "Fridgy-iOS/Fridgy-iOS.entitlements";
				CODE_SIGN_STYLE = Automatic;
				CURRENT_PROJECT_VERSION = 9;
				DEVELOPMENT_TEAM = 9Y2AMH5S23;
				INFOPLIST_FILE = "Fridgy-iOS/Info.plist";
				IPHONEOS_DEPLOYMENT_TARGET = 13.0;
				LD_RUNPATH_SEARCH_PATHS = (
					"$(inherited)",
					"@executable_path/Frameworks",
				);
				MARKETING_VERSION = 3.1.1;
				PRODUCT_BUNDLE_IDENTIFIER = "TedB.Fridgy-iOs";
				PRODUCT_NAME = Fridgly;
				SWIFT_VERSION = 5.0;
				TARGETED_DEVICE_FAMILY = "1,2";
			};
			name = Release;
		};
/* End XCBuildConfiguration section */

/* Begin XCConfigurationList section */
		9F9357E52456DB4E0026B32D /* Build configuration list for PBXProject "Fridgy-iOS" */ = {
			isa = XCConfigurationList;
			buildConfigurations = (
				9F9357FC2456DB530026B32D /* Debug */,
				9F9357FD2456DB530026B32D /* Release */,
			);
			defaultConfigurationIsVisible = 0;
			defaultConfigurationName = Release;
		};
		9F9357FE2456DB530026B32D /* Build configuration list for PBXNativeTarget "Fridgy-iOS" */ = {
			isa = XCConfigurationList;
			buildConfigurations = (
				9F9357FF2456DB530026B32D /* Debug */,
				9F9358002456DB530026B32D /* Release */,
			);
			defaultConfigurationIsVisible = 0;
			defaultConfigurationName = Release;
		};
/* End XCConfigurationList section */

/* Begin XCRemoteSwiftPackageReference section */
		573AA90A27CAC200009FCE62 /* XCRemoteSwiftPackageReference "SwiftKeychainWrapper" */ = {
			isa = XCRemoteSwiftPackageReference;
			repositoryURL = "https://github.com/jrendel/SwiftKeychainWrapper";
			requirement = {
				kind = upToNextMajorVersion;
				minimumVersion = 4.0.0;
			};
		};
		5750E92D27B5B52F0090C048 /* XCRemoteSwiftPackageReference "firebase-ios-sdk" */ = {
			isa = XCRemoteSwiftPackageReference;
			repositoryURL = "https://github.com/firebase/firebase-ios-sdk";
			requirement = {
				kind = upToNextMajorVersion;
				minimumVersion = 8.0.0;
			};
		};
		578B527827CD5745007263CC /* XCRemoteSwiftPackageReference "SPConfetti" */ = {
			isa = XCRemoteSwiftPackageReference;
			repositoryURL = "https://github.com/ivanvorobei/SPConfetti";
			requirement = {
				kind = upToNextMajorVersion;
				minimumVersion = 1.0.0;
			};
		};
/* End XCRemoteSwiftPackageReference section */

/* Begin XCSwiftPackageProductDependency section */
		573AA90B27CAC200009FCE62 /* SwiftKeychainWrapper */ = {
			isa = XCSwiftPackageProductDependency;
			package = 573AA90A27CAC200009FCE62 /* XCRemoteSwiftPackageReference "SwiftKeychainWrapper" */;
			productName = SwiftKeychainWrapper;
		};
		5750E92E27B5B52F0090C048 /* FirebaseAnalytics */ = {
			isa = XCSwiftPackageProductDependency;
			package = 5750E92D27B5B52F0090C048 /* XCRemoteSwiftPackageReference "firebase-ios-sdk" */;
			productName = FirebaseAnalytics;
		};
		5750E93027B5B52F0090C048 /* FirebaseAnalyticsSwift-Beta */ = {
			isa = XCSwiftPackageProductDependency;
			package = 5750E92D27B5B52F0090C048 /* XCRemoteSwiftPackageReference "firebase-ios-sdk" */;
			productName = "FirebaseAnalyticsSwift-Beta";
		};
		5750E93227B5B52F0090C048 /* FirebaseAuth */ = {
			isa = XCSwiftPackageProductDependency;
			package = 5750E92D27B5B52F0090C048 /* XCRemoteSwiftPackageReference "firebase-ios-sdk" */;
			productName = FirebaseAuth;
		};
		5750E93427B5B52F0090C048 /* FirebaseFirestore */ = {
			isa = XCSwiftPackageProductDependency;
			package = 5750E92D27B5B52F0090C048 /* XCRemoteSwiftPackageReference "firebase-ios-sdk" */;
			productName = FirebaseFirestore;
		};
		5750E93627B5B52F0090C048 /* FirebaseFirestoreSwift-Beta */ = {
			isa = XCSwiftPackageProductDependency;
			package = 5750E92D27B5B52F0090C048 /* XCRemoteSwiftPackageReference "firebase-ios-sdk" */;
			productName = "FirebaseFirestoreSwift-Beta";
		};
		578B523E27CBFCC6007263CC /* FirebaseFunctions */ = {
			isa = XCSwiftPackageProductDependency;
			package = 5750E92D27B5B52F0090C048 /* XCRemoteSwiftPackageReference "firebase-ios-sdk" */;
			productName = FirebaseFunctions;
		};
		578B524027CBFCC6007263CC /* FirebaseFunctionsSwift-Beta */ = {
			isa = XCSwiftPackageProductDependency;
			package = 5750E92D27B5B52F0090C048 /* XCRemoteSwiftPackageReference "firebase-ios-sdk" */;
			productName = "FirebaseFunctionsSwift-Beta";
		};
		578B527927CD5745007263CC /* SPConfetti */ = {
			isa = XCSwiftPackageProductDependency;
			package = 578B527827CD5745007263CC /* XCRemoteSwiftPackageReference "SPConfetti" */;
			productName = SPConfetti;
		};
/* End XCSwiftPackageProductDependency section */

/* Begin XCVersionGroup section */
		9FDFBA0D246695C400DEEFD7 /* Model.xcdatamodeld */ = {
			isa = XCVersionGroup;
			children = (
				5750E91727AEBEFD0090C048 /* Fridgy v3.xcdatamodel */,
				9F89B31126E37881002B91C7 /* Fridgy v2.xcdatamodel */,
				9FDFBA0E246695C400DEEFD7 /* Model.xcdatamodel */,
			);
			currentVersion = 5750E91727AEBEFD0090C048 /* Fridgy v3.xcdatamodel */;
			path = Model.xcdatamodeld;
			sourceTree = "<group>";
			versionGroupType = wrapper.xcdatamodel;
		};
/* End XCVersionGroup section */
	};
	rootObject = 9F9357E22456DB4E0026B32D /* Project object */;
}
